
Microsoft Visual Studio Solution File, Format Version 12.00
Project("{FAE04EC0-301F-11D3-BF4B-00C04F79EFBC}") = "Cryptogram", "Cryptogram\Cryptogram.csproj", "{B462217E-EE85-4F33-B181-710C57E3C8CF}"
EndProject
Global
	GlobalSection(SolutionConfigurationPlatforms) = preSolution
		Debug|Any CPU = Debug|Any CPU
		Release|Any CPU = Release|Any CPU
	EndGlobalSection
	GlobalSection(ProjectConfigurationPlatforms) = postSolution
		{B462217E-EE85-4F33-B181-710C57E3C8CF}.Debug|Any CPU.ActiveCfg = Debug|Any CPU
		{B462217E-EE85-4F33-B181-710C57E3C8CF}.Debug|Any CPU.Build.0 = Debug|Any CPU
		{B462217E-EE85-4F33-B181-710C57E3C8CF}.Release|Any CPU.ActiveCfg = Release|Any CPU
		{B462217E-EE85-4F33-B181-710C57E3C8CF}.Release|Any CPU.Build.0 = Release|Any CPU
	EndGlobalSection
EndGlobal
